// !$*UTF8*$!
{
	archiveVersion = 1;
	classes = {
	};
	objectVersion = 48;
	objects = {

/* Begin PBXBuildFile section */
		48458ED8B723C19EA3526E7A /* Pods_SegundoHito.framework in Frameworks */ = {isa = PBXBuildFile; fileRef = 39E702F97BC7F2574165D8F4 /* Pods_SegundoHito.framework */; };
		731B5D20207CC3300031D233 /* AppDelegate.swift in Sources */ = {isa = PBXBuildFile; fileRef = 731B5D1F207CC3300031D233 /* AppDelegate.swift */; };
		731B5D22207CC3300031D233 /* ViewController.swift in Sources */ = {isa = PBXBuildFile; fileRef = 731B5D21207CC3300031D233 /* ViewController.swift */; };
		731B5D25207CC3300031D233 /* Main.storyboard in Resources */ = {isa = PBXBuildFile; fileRef = 731B5D23207CC3300031D233 /* Main.storyboard */; };
		731B5D27207CC3300031D233 /* Assets.xcassets in Resources */ = {isa = PBXBuildFile; fileRef = 731B5D26207CC3300031D233 /* Assets.xcassets */; };
		731B5D2A207CC3300031D233 /* LaunchScreen.storyboard in Resources */ = {isa = PBXBuildFile; fileRef = 731B5D28207CC3300031D233 /* LaunchScreen.storyboard */; };
		731B5D35207CC3300031D233 /* SegundoHitoTests.swift in Sources */ = {isa = PBXBuildFile; fileRef = 731B5D34207CC3300031D233 /* SegundoHitoTests.swift */; };
		731B5D40207CC3300031D233 /* SegundoHitoUITests.swift in Sources */ = {isa = PBXBuildFile; fileRef = 731B5D3F207CC3300031D233 /* SegundoHitoUITests.swift */; };
		731B5D4E207CC6000031D233 /* ViewControllerRegister.swift in Sources */ = {isa = PBXBuildFile; fileRef = 731B5D4D207CC6000031D233 /* ViewControllerRegister.swift */; };
		731B5D52207CC7D30031D233 /* GoogleService-Info.plist in Resources */ = {isa = PBXBuildFile; fileRef = 731B5D51207CC7D30031D233 /* GoogleService-Info.plist */; };
		731B5D54207CCA160031D233 /* ViewControllerWelcome.swift in Sources */ = {isa = PBXBuildFile; fileRef = 731B5D53207CCA160031D233 /* ViewControllerWelcome.swift */; };
		731B5D56207CCB6B0031D233 /* DataHolder.swift in Sources */ = {isa = PBXBuildFile; fileRef = 731B5D55207CCB6B0031D233 /* DataHolder.swift */; };
		733C581E208879B000E482CD /* MapaViewController.swift in Sources */ = {isa = PBXBuildFile; fileRef = 733C581D208879B000E482CD /* MapaViewController.swift */; };
		73A160C82085DE700026DA90 /* Perfiles.swift in Sources */ = {isa = PBXBuildFile; fileRef = 73A160C72085DE700026DA90 /* Perfiles.swift */; };
		73A160CC2085FCDE0026DA90 /* ViewControllerTabla.swift in Sources */ = {isa = PBXBuildFile; fileRef = 73A160CB2085FCDE0026DA90 /* ViewControllerTabla.swift */; };
		73AEA23D208F204F00DC0B61 /* Coches.swift in Sources */ = {isa = PBXBuildFile; fileRef = 73AEA23C208F204F00DC0B61 /* Coches.swift */; };
		73AEA23F208F380000DC0B61 /* MiCelda1.swift in Sources */ = {isa = PBXBuildFile; fileRef = 73AEA23E208F380000DC0B61 /* MiCelda1.swift */; };
		9C6D04C8F0F7E2E14AED334A /* Pods_SegundoHitoTests.framework in Frameworks */ = {isa = PBXBuildFile; fileRef = E19C0FDACCB2F89104A40497 /* Pods_SegundoHitoTests.framework */; };
		F349EEC30DB301FD578A95B9 /* Pods_SegundoHitoUITests.framework in Frameworks */ = {isa = PBXBuildFile; fileRef = EAB916E1E3BE688A5AB4A42F /* Pods_SegundoHitoUITests.framework */; };
/* End PBXBuildFile section */

/* Begin PBXContainerItemProxy section */
		731B5D31207CC3300031D233 /* PBXContainerItemProxy */ = {
			isa = PBXContainerItemProxy;
			containerPortal = 731B5D14207CC3300031D233 /* Project object */;
			proxyType = 1;
			remoteGlobalIDString = 731B5D1B207CC3300031D233;
			remoteInfo = SegundoHito;
		};
		731B5D3C207CC3300031D233 /* PBXContainerItemProxy */ = {
			isa = PBXContainerItemProxy;
			containerPortal = 731B5D14207CC3300031D233 /* Project object */;
			proxyType = 1;
			remoteGlobalIDString = 731B5D1B207CC3300031D233;
			remoteInfo = SegundoHito;
		};
/* End PBXContainerItemProxy section */

/* Begin PBXFileReference section */
		03867D5863B01AC0CB08234F /* Pods-SegundoHito.release.xcconfig */ = {isa = PBXFileReference; includeInIndex = 1; lastKnownFileType = text.xcconfig; name = "Pods-SegundoHito.release.xcconfig"; path = "Pods/Target Support Files/Pods-SegundoHito/Pods-SegundoHito.release.xcconfig"; sourceTree = "<group>"; };
		2F5DE1D6047EA833027A1A4C /* Pods-SegundoHitoUITests.debug.xcconfig */ = {isa = PBXFileReference; includeInIndex = 1; lastKnownFileType = text.xcconfig; name = "Pods-SegundoHitoUITests.debug.xcconfig"; path = "Pods/Target Support Files/Pods-SegundoHitoUITests/Pods-SegundoHitoUITests.debug.xcconfig"; sourceTree = "<group>"; };
		327DCF67C14FEE1CB770289B /* Pods-SegundoHito.debug.xcconfig */ = {isa = PBXFileReference; includeInIndex = 1; lastKnownFileType = text.xcconfig; name = "Pods-SegundoHito.debug.xcconfig"; path = "Pods/Target Support Files/Pods-SegundoHito/Pods-SegundoHito.debug.xcconfig"; sourceTree = "<group>"; };
		39E702F97BC7F2574165D8F4 /* Pods_SegundoHito.framework */ = {isa = PBXFileReference; explicitFileType = wrapper.framework; includeInIndex = 0; path = Pods_SegundoHito.framework; sourceTree = BUILT_PRODUCTS_DIR; };
		489B779BDED0B5FEE53B8769 /* Pods-SegundoHitoUITests.release.xcconfig */ = {isa = PBXFileReference; includeInIndex = 1; lastKnownFileType = text.xcconfig; name = "Pods-SegundoHitoUITests.release.xcconfig"; path = "Pods/Target Support Files/Pods-SegundoHitoUITests/Pods-SegundoHitoUITests.release.xcconfig"; sourceTree = "<group>"; };
		515709EF009EEEEA4299D7B0 /* Pods-SegundoHitoTests.debug.xcconfig */ = {isa = PBXFileReference; includeInIndex = 1; lastKnownFileType = text.xcconfig; name = "Pods-SegundoHitoTests.debug.xcconfig"; path = "Pods/Target Support Files/Pods-SegundoHitoTests/Pods-SegundoHitoTests.debug.xcconfig"; sourceTree = "<group>"; };
		66394FE308131A903126EC4E /* Pods-SegundoHitoTests.release.xcconfig */ = {isa = PBXFileReference; includeInIndex = 1; lastKnownFileType = text.xcconfig; name = "Pods-SegundoHitoTests.release.xcconfig"; path = "Pods/Target Support Files/Pods-SegundoHitoTests/Pods-SegundoHitoTests.release.xcconfig"; sourceTree = "<group>"; };
		731B5D1C207CC3300031D233 /* SegundoHito.app */ = {isa = PBXFileReference; explicitFileType = wrapper.application; includeInIndex = 0; path = SegundoHito.app; sourceTree = BUILT_PRODUCTS_DIR; };
		731B5D1F207CC3300031D233 /* AppDelegate.swift */ = {isa = PBXFileReference; lastKnownFileType = sourcecode.swift; path = AppDelegate.swift; sourceTree = "<group>"; };
		731B5D21207CC3300031D233 /* ViewController.swift */ = {isa = PBXFileReference; lastKnownFileType = sourcecode.swift; path = ViewController.swift; sourceTree = "<group>"; };
		731B5D24207CC3300031D233 /* Base */ = {isa = PBXFileReference; lastKnownFileType = file.storyboard; name = Base; path = Base.lproj/Main.storyboard; sourceTree = "<group>"; };
		731B5D26207CC3300031D233 /* Assets.xcassets */ = {isa = PBXFileReference; lastKnownFileType = folder.assetcatalog; path = Assets.xcassets; sourceTree = "<group>"; };
		731B5D29207CC3300031D233 /* Base */ = {isa = PBXFileReference; lastKnownFileType = file.storyboard; name = Base; path = Base.lproj/LaunchScreen.storyboard; sourceTree = "<group>"; };
		731B5D2B207CC3300031D233 /* Info.plist */ = {isa = PBXFileReference; lastKnownFileType = text.plist.xml; path = Info.plist; sourceTree = "<group>"; };
		731B5D30207CC3300031D233 /* SegundoHitoTests.xctest */ = {isa = PBXFileReference; explicitFileType = wrapper.cfbundle; includeInIndex = 0; path = SegundoHitoTests.xctest; sourceTree = BUILT_PRODUCTS_DIR; };
		731B5D34207CC3300031D233 /* SegundoHitoTests.swift */ = {isa = PBXFileReference; lastKnownFileType = sourcecode.swift; path = SegundoHitoTests.swift; sourceTree = "<group>"; };
		731B5D36207CC3300031D233 /* Info.plist */ = {isa = PBXFileReference; lastKnownFileType = text.plist.xml; path = Info.plist; sourceTree = "<group>"; };
		731B5D3B207CC3300031D233 /* SegundoHitoUITests.xctest */ = {isa = PBXFileReference; explicitFileType = wrapper.cfbundle; includeInIndex = 0; path = SegundoHitoUITests.xctest; sourceTree = BUILT_PRODUCTS_DIR; };
		731B5D3F207CC3300031D233 /* SegundoHitoUITests.swift */ = {isa = PBXFileReference; lastKnownFileType = sourcecode.swift; path = SegundoHitoUITests.swift; sourceTree = "<group>"; };
		731B5D41207CC3300031D233 /* Info.plist */ = {isa = PBXFileReference; lastKnownFileType = text.plist.xml; path = Info.plist; sourceTree = "<group>"; };
		731B5D4D207CC6000031D233 /* ViewControllerRegister.swift */ = {isa = PBXFileReference; lastKnownFileType = sourcecode.swift; path = ViewControllerRegister.swift; sourceTree = "<group>"; };
		731B5D51207CC7D30031D233 /* GoogleService-Info.plist */ = {isa = PBXFileReference; fileEncoding = 4; lastKnownFileType = text.plist.xml; path = "GoogleService-Info.plist"; sourceTree = SOURCE_ROOT; };
		731B5D53207CCA160031D233 /* ViewControllerWelcome.swift */ = {isa = PBXFileReference; lastKnownFileType = sourcecode.swift; path = ViewControllerWelcome.swift; sourceTree = "<group>"; };
		731B5D55207CCB6B0031D233 /* DataHolder.swift */ = {isa = PBXFileReference; lastKnownFileType = sourcecode.swift; path = DataHolder.swift; sourceTree = "<group>"; };
		733C581D208879B000E482CD /* MapaViewController.swift */ = {isa = PBXFileReference; lastKnownFileType = sourcecode.swift; path = MapaViewController.swift; sourceTree = "<group>"; };
		73A160C72085DE700026DA90 /* Perfiles.swift */ = {isa = PBXFileReference; lastKnownFileType = sourcecode.swift; path = Perfiles.swift; sourceTree = "<group>"; };
		73A160CB2085FCDE0026DA90 /* ViewControllerTabla.swift */ = {isa = PBXFileReference; lastKnownFileType = sourcecode.swift; path = ViewControllerTabla.swift; sourceTree = "<group>"; };
		73AEA23C208F204F00DC0B61 /* Coches.swift */ = {isa = PBXFileReference; lastKnownFileType = sourcecode.swift; path = Coches.swift; sourceTree = "<group>"; };
		73AEA23E208F380000DC0B61 /* MiCelda1.swift */ = {isa = PBXFileReference; lastKnownFileType = sourcecode.swift; path = MiCelda1.swift; sourceTree = "<group>"; };
		E19C0FDACCB2F89104A40497 /* Pods_SegundoHitoTests.framework */ = {isa = PBXFileReference; explicitFileType = wrapper.framework; includeInIndex = 0; path = Pods_SegundoHitoTests.framework; sourceTree = BUILT_PRODUCTS_DIR; };
		EAB916E1E3BE688A5AB4A42F /* Pods_SegundoHitoUITests.framework */ = {isa = PBXFileReference; explicitFileType = wrapper.framework; includeInIndex = 0; path = Pods_SegundoHitoUITests.framework; sourceTree = BUILT_PRODUCTS_DIR; };
/* End PBXFileReference section */

/* Begin PBXFrameworksBuildPhase section */
		731B5D19207CC3300031D233 /* Frameworks */ = {
			isa = PBXFrameworksBuildPhase;
			buildActionMask = 2147483647;
			files = (
				48458ED8B723C19EA3526E7A /* Pods_SegundoHito.framework in Frameworks */,
			);
			runOnlyForDeploymentPostprocessing = 0;
		};
		731B5D2D207CC3300031D233 /* Frameworks */ = {
			isa = PBXFrameworksBuildPhase;
			buildActionMask = 2147483647;
			files = (
				9C6D04C8F0F7E2E14AED334A /* Pods_SegundoHitoTests.framework in Frameworks */,
			);
			runOnlyForDeploymentPostprocessing = 0;
		};
		731B5D38207CC3300031D233 /* Frameworks */ = {
			isa = PBXFrameworksBuildPhase;
			buildActionMask = 2147483647;
			files = (
				F349EEC30DB301FD578A95B9 /* Pods_SegundoHitoUITests.framework in Frameworks */,
			);
			runOnlyForDeploymentPostprocessing = 0;
		};
/* End PBXFrameworksBuildPhase section */

/* Begin PBXGroup section */
		6FAC56A3C4B38E0614AD9ABC /* Pods */ = {
			isa = PBXGroup;
			children = (
				327DCF67C14FEE1CB770289B /* Pods-SegundoHito.debug.xcconfig */,
				03867D5863B01AC0CB08234F /* Pods-SegundoHito.release.xcconfig */,
				515709EF009EEEEA4299D7B0 /* Pods-SegundoHitoTests.debug.xcconfig */,
				66394FE308131A903126EC4E /* Pods-SegundoHitoTests.release.xcconfig */,
				2F5DE1D6047EA833027A1A4C /* Pods-SegundoHitoUITests.debug.xcconfig */,
				489B779BDED0B5FEE53B8769 /* Pods-SegundoHitoUITests.release.xcconfig */,
			);
			name = Pods;
			sourceTree = "<group>";
		};
		731B5D13207CC3300031D233 = {
			isa = PBXGroup;
			children = (
				731B5D1E207CC3300031D233 /* SegundoHito */,
				731B5D33207CC3300031D233 /* SegundoHitoTests */,
				731B5D3E207CC3300031D233 /* SegundoHitoUITests */,
				731B5D1D207CC3300031D233 /* Products */,
				6FAC56A3C4B38E0614AD9ABC /* Pods */,
				D84B6468660ED57E78D4F69A /* Frameworks */,
			);
			sourceTree = "<group>";
		};
		731B5D1D207CC3300031D233 /* Products */ = {
			isa = PBXGroup;
			children = (
				731B5D1C207CC3300031D233 /* SegundoHito.app */,
				731B5D30207CC3300031D233 /* SegundoHitoTests.xctest */,
				731B5D3B207CC3300031D233 /* SegundoHitoUITests.xctest */,
			);
			name = Products;
			sourceTree = "<group>";
		};
		731B5D1E207CC3300031D233 /* SegundoHito */ = {
			isa = PBXGroup;
			children = (
				731B5D51207CC7D30031D233 /* GoogleService-Info.plist */,
				731B5D1F207CC3300031D233 /* AppDelegate.swift */,
				731B5D21207CC3300031D233 /* ViewController.swift */,
				731B5D23207CC3300031D233 /* Main.storyboard */,
				731B5D26207CC3300031D233 /* Assets.xcassets */,
				731B5D28207CC3300031D233 /* LaunchScreen.storyboard */,
				731B5D2B207CC3300031D233 /* Info.plist */,
				731B5D4D207CC6000031D233 /* ViewControllerRegister.swift */,
				731B5D53207CCA160031D233 /* ViewControllerWelcome.swift */,
				731B5D55207CCB6B0031D233 /* DataHolder.swift */,
				73A160C72085DE700026DA90 /* Perfiles.swift */,
				73A160CB2085FCDE0026DA90 /* ViewControllerTabla.swift */,
				733C581D208879B000E482CD /* MapaViewController.swift */,
				73AEA23C208F204F00DC0B61 /* Coches.swift */,
				73AEA23E208F380000DC0B61 /* MiCelda1.swift */,
			);
			path = SegundoHito;
			sourceTree = "<group>";
		};
		731B5D33207CC3300031D233 /* SegundoHitoTests */ = {
			isa = PBXGroup;
			children = (
				731B5D34207CC3300031D233 /* SegundoHitoTests.swift */,
				731B5D36207CC3300031D233 /* Info.plist */,
			);
			path = SegundoHitoTests;
			sourceTree = "<group>";
		};
		731B5D3E207CC3300031D233 /* SegundoHitoUITests */ = {
			isa = PBXGroup;
			children = (
				731B5D3F207CC3300031D233 /* SegundoHitoUITests.swift */,
				731B5D41207CC3300031D233 /* Info.plist */,
			);
			path = SegundoHitoUITests;
			sourceTree = "<group>";
		};
		D84B6468660ED57E78D4F69A /* Frameworks */ = {
			isa = PBXGroup;
			children = (
				39E702F97BC7F2574165D8F4 /* Pods_SegundoHito.framework */,
				E19C0FDACCB2F89104A40497 /* Pods_SegundoHitoTests.framework */,
				EAB916E1E3BE688A5AB4A42F /* Pods_SegundoHitoUITests.framework */,
			);
			name = Frameworks;
			sourceTree = "<group>";
		};
/* End PBXGroup section */

/* Begin PBXNativeTarget section */
		731B5D1B207CC3300031D233 /* SegundoHito */ = {
			isa = PBXNativeTarget;
			buildConfigurationList = 731B5D44207CC3300031D233 /* Build configuration list for PBXNativeTarget "SegundoHito" */;
			buildPhases = (
				88D016BE0581FB65FECF7BAC /* [CP] Check Pods Manifest.lock */,
				731B5D18207CC3300031D233 /* Sources */,
				731B5D19207CC3300031D233 /* Frameworks */,
				731B5D1A207CC3300031D233 /* Resources */,
				61A75EDE5C1D9EE4826E179F /* [CP] Embed Pods Frameworks */,
				82A563C240E8B04263C855FB /* [CP] Copy Pods Resources */,
			);
			buildRules = (
			);
			dependencies = (
			);
			name = SegundoHito;
			productName = SegundoHito;
			productReference = 731B5D1C207CC3300031D233 /* SegundoHito.app */;
			productType = "com.apple.product-type.application";
		};
		731B5D2F207CC3300031D233 /* SegundoHitoTests */ = {
			isa = PBXNativeTarget;
			buildConfigurationList = 731B5D47207CC3300031D233 /* Build configuration list for PBXNativeTarget "SegundoHitoTests" */;
			buildPhases = (
				31C00200FBDABC0E84D36DD0 /* [CP] Check Pods Manifest.lock */,
				731B5D2C207CC3300031D233 /* Sources */,
				731B5D2D207CC3300031D233 /* Frameworks */,
				731B5D2E207CC3300031D233 /* Resources */,
				31A1BD14849181D1DDAE58BA /* [CP] Embed Pods Frameworks */,
				38C39F2A7C25CD6A354C1377 /* [CP] Copy Pods Resources */,
			);
			buildRules = (
			);
			dependencies = (
				731B5D32207CC3300031D233 /* PBXTargetDependency */,
			);
			name = SegundoHitoTests;
			productName = SegundoHitoTests;
			productReference = 731B5D30207CC3300031D233 /* SegundoHitoTests.xctest */;
			productType = "com.apple.product-type.bundle.unit-test";
		};
		731B5D3A207CC3300031D233 /* SegundoHitoUITests */ = {
			isa = PBXNativeTarget;
			buildConfigurationList = 731B5D4A207CC3300031D233 /* Build configuration list for PBXNativeTarget "SegundoHitoUITests" */;
			buildPhases = (
				D79EC2D098F14575D938A63B /* [CP] Check Pods Manifest.lock */,
				731B5D37207CC3300031D233 /* Sources */,
				731B5D38207CC3300031D233 /* Frameworks */,
				731B5D39207CC3300031D233 /* Resources */,
				7D0FB887BB58C779DBA93A31 /* [CP] Embed Pods Frameworks */,
				C496EC6E45696E29A752C5D4 /* [CP] Copy Pods Resources */,
			);
			buildRules = (
			);
			dependencies = (
				731B5D3D207CC3300031D233 /* PBXTargetDependency */,
			);
			name = SegundoHitoUITests;
			productName = SegundoHitoUITests;
			productReference = 731B5D3B207CC3300031D233 /* SegundoHitoUITests.xctest */;
			productType = "com.apple.product-type.bundle.ui-testing";
		};
/* End PBXNativeTarget section */

/* Begin PBXProject section */
		731B5D14207CC3300031D233 /* Project object */ = {
			isa = PBXProject;
			attributes = {
				LastSwiftUpdateCheck = 0920;
				LastUpgradeCheck = 0920;
				ORGANIZATIONNAME = "PABLO GUARDADO ALVAREZ";
				TargetAttributes = {
					731B5D1B207CC3300031D233 = {
						CreatedOnToolsVersion = 9.2;
						ProvisioningStyle = Automatic;
					};
					731B5D2F207CC3300031D233 = {
						CreatedOnToolsVersion = 9.2;
						ProvisioningStyle = Automatic;
						TestTargetID = 731B5D1B207CC3300031D233;
					};
					731B5D3A207CC3300031D233 = {
						CreatedOnToolsVersion = 9.2;
						ProvisioningStyle = Automatic;
						TestTargetID = 731B5D1B207CC3300031D233;
					};
				};
			};
			buildConfigurationList = 731B5D17207CC3300031D233 /* Build configuration list for PBXProject "SegundoHito" */;
			compatibilityVersion = "Xcode 8.0";
			developmentRegion = en;
			hasScannedForEncodings = 0;
			knownRegions = (
				en,
				Base,
			);
			mainGroup = 731B5D13207CC3300031D233;
			productRefGroup = 731B5D1D207CC3300031D233 /* Products */;
			projectDirPath = "";
			projectRoot = "";
			targets = (
				731B5D1B207CC3300031D233 /* SegundoHito */,
				731B5D2F207CC3300031D233 /* SegundoHitoTests */,
				731B5D3A207CC3300031D233 /* SegundoHitoUITests */,
			);
		};
/* End PBXProject section */

/* Begin PBXResourcesBuildPhase section */
		731B5D1A207CC3300031D233 /* Resources */ = {
			isa = PBXResourcesBuildPhase;
			buildActionMask = 2147483647;
			files = (
				731B5D2A207CC3300031D233 /* LaunchScreen.storyboard in Resources */,
				731B5D52207CC7D30031D233 /* GoogleService-Info.plist in Resources */,
				731B5D27207CC3300031D233 /* Assets.xcassets in Resources */,
				731B5D25207CC3300031D233 /* Main.storyboard in Resources */,
			);
			runOnlyForDeploymentPostprocessing = 0;
		};
		731B5D2E207CC3300031D233 /* Resources */ = {
			isa = PBXResourcesBuildPhase;
			buildActionMask = 2147483647;
			files = (
			);
			runOnlyForDeploymentPostprocessing = 0;
		};
		731B5D39207CC3300031D233 /* Resources */ = {
			isa = PBXResourcesBuildPhase;
			buildActionMask = 2147483647;
			files = (
			);
			runOnlyForDeploymentPostprocessing = 0;
		};
/* End PBXResourcesBuildPhase section */

/* Begin PBXShellScriptBuildPhase section */
		31A1BD14849181D1DDAE58BA /* [CP] Embed Pods Frameworks */ = {
			isa = PBXShellScriptBuildPhase;
			buildActionMask = 2147483647;
			files = (
			);
			inputPaths = (
			);
			name = "[CP] Embed Pods Frameworks";
			outputPaths = (
			);
			runOnlyForDeploymentPostprocessing = 0;
			shellPath = /bin/sh;
			shellScript = "\"${SRCROOT}/Pods/Target Support Files/Pods-SegundoHitoTests/Pods-SegundoHitoTests-frameworks.sh\"\n";
			showEnvVarsInLog = 0;
		};
		31C00200FBDABC0E84D36DD0 /* [CP] Check Pods Manifest.lock */ = {
			isa = PBXShellScriptBuildPhase;
			buildActionMask = 2147483647;
			files = (
			);
			inputPaths = (
				"${PODS_PODFILE_DIR_PATH}/Podfile.lock",
				"${PODS_ROOT}/Manifest.lock",
			);
			name = "[CP] Check Pods Manifest.lock";
			outputPaths = (
				"$(DERIVED_FILE_DIR)/Pods-SegundoHitoTests-checkManifestLockResult.txt",
			);
			runOnlyForDeploymentPostprocessing = 0;
			shellPath = /bin/sh;
			shellScript = "diff \"${PODS_PODFILE_DIR_PATH}/Podfile.lock\" \"${PODS_ROOT}/Manifest.lock\" > /dev/null\nif [ $? != 0 ] ; then\n    # print error to STDERR\n    echo \"error: The sandbox is not in sync with the Podfile.lock. Run 'pod install' or update your CocoaPods installation.\" >&2\n    exit 1\nfi\n# This output is used by Xcode 'outputs' to avoid re-running this script phase.\necho \"SUCCESS\" > \"${SCRIPT_OUTPUT_FILE_0}\"\n";
			showEnvVarsInLog = 0;
		};
		38C39F2A7C25CD6A354C1377 /* [CP] Copy Pods Resources */ = {
			isa = PBXShellScriptBuildPhase;
			buildActionMask = 2147483647;
			files = (
			);
			inputPaths = (
			);
			name = "[CP] Copy Pods Resources";
			outputPaths = (
			);
			runOnlyForDeploymentPostprocessing = 0;
			shellPath = /bin/sh;
			shellScript = "\"${SRCROOT}/Pods/Target Support Files/Pods-SegundoHitoTests/Pods-SegundoHitoTests-resources.sh\"\n";
			showEnvVarsInLog = 0;
		};
		61A75EDE5C1D9EE4826E179F /* [CP] Embed Pods Frameworks */ = {
			isa = PBXShellScriptBuildPhase;
			buildActionMask = 2147483647;
			files = (
			);
			inputPaths = (
				"${SRCROOT}/Pods/Target Support Files/Pods-SegundoHito/Pods-SegundoHito-frameworks.sh",
				"${BUILT_PRODUCTS_DIR}/BoringSSL/openssl.framework",
				"${BUILT_PRODUCTS_DIR}/GTMSessionFetcher/GTMSessionFetcher.framework",
				"${BUILT_PRODUCTS_DIR}/GoogleToolboxForMac/GoogleToolboxForMac.framework",
				"${BUILT_PRODUCTS_DIR}/Protobuf/Protobuf.framework",
				"${BUILT_PRODUCTS_DIR}/gRPC/GRPCClient.framework",
				"${BUILT_PRODUCTS_DIR}/gRPC-Core/grpc.framework",
				"${BUILT_PRODUCTS_DIR}/gRPC-ProtoRPC/ProtoRPC.framework",
				"${BUILT_PRODUCTS_DIR}/gRPC-RxLibrary/RxLibrary.framework",
				"${BUILT_PRODUCTS_DIR}/leveldb-library/leveldb.framework",
				"${BUILT_PRODUCTS_DIR}/nanopb/nanopb.framework",
			);
			name = "[CP] Embed Pods Frameworks";
			outputPaths = (
				"${TARGET_BUILD_DIR}/${FRAMEWORKS_FOLDER_PATH}/openssl.framework",
				"${TARGET_BUILD_DIR}/${FRAMEWORKS_FOLDER_PATH}/GTMSessionFetcher.framework",
				"${TARGET_BUILD_DIR}/${FRAMEWORKS_FOLDER_PATH}/GoogleToolboxForMac.framework",
				"${TARGET_BUILD_DIR}/${FRAMEWORKS_FOLDER_PATH}/Protobuf.framework",
				"${TARGET_BUILD_DIR}/${FRAMEWORKS_FOLDER_PATH}/GRPCClient.framework",
				"${TARGET_BUILD_DIR}/${FRAMEWORKS_FOLDER_PATH}/grpc.framework",
				"${TARGET_BUILD_DIR}/${FRAMEWORKS_FOLDER_PATH}/ProtoRPC.framework",
				"${TARGET_BUILD_DIR}/${FRAMEWORKS_FOLDER_PATH}/RxLibrary.framework",
				"${TARGET_BUILD_DIR}/${FRAMEWORKS_FOLDER_PATH}/leveldb.framework",
				"${TARGET_BUILD_DIR}/${FRAMEWORKS_FOLDER_PATH}/nanopb.framework",
			);
			runOnlyForDeploymentPostprocessing = 0;
			shellPath = /bin/sh;
			shellScript = "\"${SRCROOT}/Pods/Target Support Files/Pods-SegundoHito/Pods-SegundoHito-frameworks.sh\"\n";
			showEnvVarsInLog = 0;
		};
		7D0FB887BB58C779DBA93A31 /* [CP] Embed Pods Frameworks */ = {
			isa = PBXShellScriptBuildPhase;
			buildActionMask = 2147483647;
			files = (
			);
			inputPaths = (
			);
			name = "[CP] Embed Pods Frameworks";
			outputPaths = (
			);
			runOnlyForDeploymentPostprocessing = 0;
			shellPath = /bin/sh;
			shellScript = "\"${SRCROOT}/Pods/Target Support Files/Pods-SegundoHitoUITests/Pods-SegundoHitoUITests-frameworks.sh\"\n";
			showEnvVarsInLog = 0;
		};
		82A563C240E8B04263C855FB /* [CP] Copy Pods Resources */ = {
			isa = PBXShellScriptBuildPhase;
			buildActionMask = 2147483647;
			files = (
			);
			inputPaths = (
				"${SRCROOT}/Pods/Target Support Files/Pods-SegundoHito/Pods-SegundoHito-resources.sh",
				"${PODS_CONFIGURATION_BUILD_DIR}/FirebaseUI/FirebaseAuthUI.bundle",
			);
			name = "[CP] Copy Pods Resources";
			outputPaths = (
				"${TARGET_BUILD_DIR}/${UNLOCALIZED_RESOURCES_FOLDER_PATH}/FirebaseAuthUI.bundle",
			);
			runOnlyForDeploymentPostprocessing = 0;
			shellPath = /bin/sh;
			shellScript = "\"${SRCROOT}/Pods/Target Support Files/Pods-SegundoHito/Pods-SegundoHito-resources.sh\"\n";
			showEnvVarsInLog = 0;
		};
		88D016BE0581FB65FECF7BAC /* [CP] Check Pods Manifest.lock */ = {
			isa = PBXShellScriptBuildPhase;
			buildActionMask = 2147483647;
			files = (
			);
			inputPaths = (
				"${PODS_PODFILE_DIR_PATH}/Podfile.lock",
				"${PODS_ROOT}/Manifest.lock",
			);
			name = "[CP] Check Pods Manifest.lock";
			outputPaths = (
				"$(DERIVED_FILE_DIR)/Pods-SegundoHito-checkManifestLockResult.txt",
			);
			runOnlyForDeploymentPostprocessing = 0;
			shellPath = /bin/sh;
			shellScript = "diff \"${PODS_PODFILE_DIR_PATH}/Podfile.lock\" \"${PODS_ROOT}/Manifest.lock\" > /dev/null\nif [ $? != 0 ] ; then\n    # print error to STDERR\n    echo \"error: The sandbox is not in sync with the Podfile.lock. Run 'pod install' or update your CocoaPods installation.\" >&2\n    exit 1\nfi\n# This output is used by Xcode 'outputs' to avoid re-running this script phase.\necho \"SUCCESS\" > \"${SCRIPT_OUTPUT_FILE_0}\"\n";
			showEnvVarsInLog = 0;
		};
		C496EC6E45696E29A752C5D4 /* [CP] Copy Pods Resources */ = {
			isa = PBXShellScriptBuildPhase;
			buildActionMask = 2147483647;
			files = (
			);
			inputPaths = (
			);
			name = "[CP] Copy Pods Resources";
			outputPaths = (
			);
			runOnlyForDeploymentPostprocessing = 0;
			shellPath = /bin/sh;
			shellScript = "\"${SRCROOT}/Pods/Target Support Files/Pods-SegundoHitoUITests/Pods-SegundoHitoUITests-resources.sh\"\n";
			showEnvVarsInLog = 0;
		};
		D79EC2D098F14575D938A63B /* [CP] Check Pods Manifest.lock */ = {
			isa = PBXShellScriptBuildPhase;
			buildActionMask = 2147483647;
			files = (
			);
			inputPaths = (
				"${PODS_PODFILE_DIR_PATH}/Podfile.lock",
				"${PODS_ROOT}/Manifest.lock",
			);
			name = "[CP] Check Pods Manifest.lock";
			outputPaths = (
				"$(DERIVED_FILE_DIR)/Pods-SegundoHitoUITests-checkManifestLockResult.txt",
			);
			runOnlyForDeploymentPostprocessing = 0;
			shellPath = /bin/sh;
			shellScript = "diff \"${PODS_PODFILE_DIR_PATH}/Podfile.lock\" \"${PODS_ROOT}/Manifest.lock\" > /dev/null\nif [ $? != 0 ] ; then\n    # print error to STDERR\n    echo \"error: The sandbox is not in sync with the Podfile.lock. Run 'pod install' or update your CocoaPods installation.\" >&2\n    exit 1\nfi\n# This output is used by Xcode 'outputs' to avoid re-running this script phase.\necho \"SUCCESS\" > \"${SCRIPT_OUTPUT_FILE_0}\"\n";
			showEnvVarsInLog = 0;
		};
/* End PBXShellScriptBuildPhase section */

/* Begin PBXSourcesBuildPhase section */
		731B5D18207CC3300031D233 /* Sources */ = {
			isa = PBXSourcesBuildPhase;
			buildActionMask = 2147483647;
			files = (
				731B5D4E207CC6000031D233 /* ViewControllerRegister.swift in Sources */,
				733C581E208879B000E482CD /* MapaViewController.swift in Sources */,
				73A160CC2085FCDE0026DA90 /* ViewControllerTabla.swift in Sources */,
				73AEA23F208F380000DC0B61 /* MiCelda1.swift in Sources */,
				731B5D56207CCB6B0031D233 /* DataHolder.swift in Sources */,
				731B5D54207CCA160031D233 /* ViewControllerWelcome.swift in Sources */,
				73A160C82085DE700026DA90 /* Perfiles.swift in Sources */,
				73AEA23D208F204F00DC0B61 /* Coches.swift in Sources */,
				731B5D22207CC3300031D233 /* ViewController.swift in Sources */,
				731B5D20207CC3300031D233 /* AppDelegate.swift in Sources */,
			);
			runOnlyForDeploymentPostprocessing = 0;
		};
		731B5D2C207CC3300031D233 /* Sources */ = {
			isa = PBXSourcesBuildPhase;
			buildActionMask = 2147483647;
			files = (
				731B5D35207CC3300031D233 /* SegundoHitoTests.swift in Sources */,
			);
			runOnlyForDeploymentPostprocessing = 0;
		};
		731B5D37207CC3300031D233 /* Sources */ = {
			isa = PBXSourcesBuildPhase;
			buildActionMask = 2147483647;
			files = (
				731B5D40207CC3300031D233 /* SegundoHitoUITests.swift in Sources */,
			);
			runOnlyForDeploymentPostprocessing = 0;
		};
/* End PBXSourcesBuildPhase section */

/* Begin PBXTargetDependency section */
		731B5D32207CC3300031D233 /* PBXTargetDependency */ = {
			isa = PBXTargetDependency;
			target = 731B5D1B207CC3300031D233 /* SegundoHito */;
			targetProxy = 731B5D31207CC3300031D233 /* PBXContainerItemProxy */;
		};
		731B5D3D207CC3300031D233 /* PBXTargetDependency */ = {
			isa = PBXTargetDependency;
			target = 731B5D1B207CC3300031D233 /* SegundoHito */;
			targetProxy = 731B5D3C207CC3300031D233 /* PBXContainerItemProxy */;
		};
/* End PBXTargetDependency section */

/* Begin PBXVariantGroup section */
		731B5D23207CC3300031D233 /* Main.storyboard */ = {
			isa = PBXVariantGroup;
			children = (
				731B5D24207CC3300031D233 /* Base */,
			);
			name = Main.storyboard;
			sourceTree = "<group>";
		};
		731B5D28207CC3300031D233 /* LaunchScreen.storyboard */ = {
			isa = PBXVariantGroup;
			children = (
				731B5D29207CC3300031D233 /* Base */,
			);
			name = LaunchScreen.storyboard;
			sourceTree = "<group>";
		};
/* End PBXVariantGroup section */

/* Begin XCBuildConfiguration section */
		731B5D42207CC3300031D233 /* Debug */ = {
			isa = XCBuildConfiguration;
			buildSettings = {
				ALWAYS_SEARCH_USER_PATHS = NO;
				CLANG_ANALYZER_NONNULL = YES;
				CLANG_ANALYZER_NUMBER_OBJECT_CONVERSION = YES_AGGRESSIVE;
				CLANG_CXX_LANGUAGE_STANDARD = "gnu++14";
				CLANG_CXX_LIBRARY = "libc++";
				CLANG_ENABLE_MODULES = YES;
				CLANG_ENABLE_OBJC_ARC = YES;
				CLANG_WARN_BLOCK_CAPTURE_AUTORELEASING = YES;
				CLANG_WARN_BOOL_CONVERSION = YES;
				CLANG_WARN_COMMA = YES;
				CLANG_WARN_CONSTANT_CONVERSION = YES;
				CLANG_WARN_DIRECT_OBJC_ISA_USAGE = YES_ERROR;
				CLANG_WARN_DOCUMENTATION_COMMENTS = YES;
				CLANG_WARN_EMPTY_BODY = YES;
				CLANG_WARN_ENUM_CONVERSION = YES;
				CLANG_WARN_INFINITE_RECURSION = YES;
				CLANG_WARN_INT_CONVERSION = YES;
				CLANG_WARN_NON_LITERAL_NULL_CONVERSION = YES;
				CLANG_WARN_OBJC_LITERAL_CONVERSION = YES;
				CLANG_WARN_OBJC_ROOT_CLASS = YES_ERROR;
				CLANG_WARN_RANGE_LOOP_ANALYSIS = YES;
				CLANG_WARN_STRICT_PROTOTYPES = YES;
				CLANG_WARN_SUSPICIOUS_MOVE = YES;
				CLANG_WARN_UNGUARDED_AVAILABILITY = YES_AGGRESSIVE;
				CLANG_WARN_UNREACHABLE_CODE = YES;
				CLANG_WARN__DUPLICATE_METHOD_MATCH = YES;
				CODE_SIGN_IDENTITY = "iPhone Developer";
				COPY_PHASE_STRIP = NO;
				DEBUG_INFORMATION_FORMAT = dwarf;
				ENABLE_STRICT_OBJC_MSGSEND = YES;
				ENABLE_TESTABILITY = YES;
				GCC_C_LANGUAGE_STANDARD = gnu11;
				GCC_DYNAMIC_NO_PIC = NO;
				GCC_NO_COMMON_BLOCKS = YES;
				GCC_OPTIMIZATION_LEVEL = 0;
				GCC_PREPROCESSOR_DEFINITIONS = (
					"DEBUG=1",
					"$(inherited)",
				);
				GCC_WARN_64_TO_32_BIT_CONVERSION = YES;
				GCC_WARN_ABOUT_RETURN_TYPE = YES_ERROR;
				GCC_WARN_UNDECLARED_SELECTOR = YES;
				GCC_WARN_UNINITIALIZED_AUTOS = YES_AGGRESSIVE;
				GCC_WARN_UNUSED_FUNCTION = YES;
				GCC_WARN_UNUSED_VARIABLE = YES;
				IPHONEOS_DEPLOYMENT_TARGET = 11.2;
				MTL_ENABLE_DEBUG_INFO = YES;
				ONLY_ACTIVE_ARCH = YES;
				SDKROOT = iphoneos;
				SWIFT_ACTIVE_COMPILATION_CONDITIONS = DEBUG;
				SWIFT_OPTIMIZATION_LEVEL = "-Onone";
			};
			name = Debug;
		};
		731B5D43207CC3300031D233 /* Release */ = {
			isa = XCBuildConfiguration;
			buildSettings = {
				ALWAYS_SEARCH_USER_PATHS = NO;
				CLANG_ANALYZER_NONNULL = YES;
				CLANG_ANALYZER_NUMBER_OBJECT_CONVERSION = YES_AGGRESSIVE;
				CLANG_CXX_LANGUAGE_STANDARD = "gnu++14";
				CLANG_CXX_LIBRARY = "libc++";
				CLANG_ENABLE_MODULES = YES;
				CLANG_ENABLE_OBJC_ARC = YES;
				CLANG_WARN_BLOCK_CAPTURE_AUTORELEASING = YES;
				CLANG_WARN_BOOL_CONVERSION = YES;
				CLANG_WARN_COMMA = YES;
				CLANG_WARN_CONSTANT_CONVERSION = YES;
				CLANG_WARN_DIRECT_OBJC_ISA_USAGE = YES_ERROR;
				CLANG_WARN_DOCUMENTATION_COMMENTS = YES;
				CLANG_WARN_EMPTY_BODY = YES;
				CLANG_WARN_ENUM_CONVERSION = YES;
				CLANG_WARN_INFINITE_RECURSION = YES;
				CLANG_WARN_INT_CONVERSION = YES;
				CLANG_WARN_NON_LITERAL_NULL_CONVERSION = YES;
				CLANG_WARN_OBJC_LITERAL_CONVERSION = YES;
				CLANG_WARN_OBJC_ROOT_CLASS = YES_ERROR;
				CLANG_WARN_RANGE_LOOP_ANALYSIS = YES;
				CLANG_WARN_STRICT_PROTOTYPES = YES;
				CLANG_WARN_SUSPICIOUS_MOVE = YES;
				CLANG_WARN_UNGUARDED_AVAILABILITY = YES_AGGRESSIVE;
				CLANG_WARN_UNREACHABLE_CODE = YES;
				CLANG_WARN__DUPLICATE_METHOD_MATCH = YES;
				CODE_SIGN_IDENTITY = "iPhone Developer";
				COPY_PHASE_STRIP = NO;
				DEBUG_INFORMATION_FORMAT = "dwarf-with-dsym";
				ENABLE_NS_ASSERTIONS = NO;
				ENABLE_STRICT_OBJC_MSGSEND = YES;
				GCC_C_LANGUAGE_STANDARD = gnu11;
				GCC_NO_COMMON_BLOCKS = YES;
				GCC_WARN_64_TO_32_BIT_CONVERSION = YES;
				GCC_WARN_ABOUT_RETURN_TYPE = YES_ERROR;
				GCC_WARN_UNDECLARED_SELECTOR = YES;
				GCC_WARN_UNINITIALIZED_AUTOS = YES_AGGRESSIVE;
				GCC_WARN_UNUSED_FUNCTION = YES;
				GCC_WARN_UNUSED_VARIABLE = YES;
				IPHONEOS_DEPLOYMENT_TARGET = 11.2;
				MTL_ENABLE_DEBUG_INFO = NO;
				SDKROOT = iphoneos;
				SWIFT_OPTIMIZATION_LEVEL = "-Owholemodule";
				VALIDATE_PRODUCT = YES;
			};
			name = Release;
		};
		731B5D45207CC3300031D233 /* Debug */ = {
			isa = XCBuildConfiguration;
			baseConfigurationReference = 327DCF67C14FEE1CB770289B /* Pods-SegundoHito.debug.xcconfig */;
			buildSettings = {
				ASSETCATALOG_COMPILER_APPICON_NAME = AppIcon;
				CODE_SIGN_STYLE = Automatic;
				INFOPLIST_FILE = SegundoHito/Info.plist;
				LD_RUNPATH_SEARCH_PATHS = "$(inherited) @executable_path/Frameworks";
				PRODUCT_BUNDLE_IDENTIFIER = "Azik-inc..SegundoHito";
				PRODUCT_NAME = "$(TARGET_NAME)";
				SWIFT_VERSION = 4.0;
				TARGETED_DEVICE_FAMILY = "1,2";
			};
			name = Debug;
		};
		731B5D46207CC3300031D233 /* Release */ = {
			isa = XCBuildConfiguration;
			baseConfigurationReference = 03867D5863B01AC0CB08234F /* Pods-SegundoHito.release.xcconfig */;
			buildSettings = {
				ASSETCATALOG_COMPILER_APPICON_NAME = AppIcon;
				CODE_SIGN_STYLE = Automatic;
				INFOPLIST_FILE = SegundoHito/Info.plist;
				LD_RUNPATH_SEARCH_PATHS = "$(inherited) @executable_path/Frameworks";
				PRODUCT_BUNDLE_IDENTIFIER = "Azik-inc..SegundoHito";
				PRODUCT_NAME = "$(TARGET_NAME)";
				SWIFT_VERSION = 4.0;
				TARGETED_DEVICE_FAMILY = "1,2";
			};
			name = Release;
		};
		731B5D48207CC3300031D233 /* Debug */ = {
			isa = XCBuildConfiguration;
			baseConfigurationReference = 515709EF009EEEEA4299D7B0 /* Pods-SegundoHitoTests.debug.xcconfig */;
			buildSettings = {
				ALWAYS_EMBED_SWIFT_STANDARD_LIBRARIES = YES;
				BUNDLE_LOADER = "$(TEST_HOST)";
				CODE_SIGN_STYLE = Automatic;
				INFOPLIST_FILE = SegundoHitoTests/Info.plist;
				LD_RUNPATH_SEARCH_PATHS = "$(inherited) @executable_path/Frameworks @loader_path/Frameworks";
				PRODUCT_BUNDLE_IDENTIFIER = "Azik-inc..SegundoHitoTests";
				PRODUCT_NAME = "$(TARGET_NAME)";
				SWIFT_VERSION = 4.0;
				TARGETED_DEVICE_FAMILY = "1,2";
				TEST_HOST = "$(BUILT_PRODUCTS_DIR)/SegundoHito.app/SegundoHito";
			};
			name = Debug;
		};
		731B5D49207CC3300031D233 /* Release */ = {
			isa = XCBuildConfiguration;
			baseConfigurationReference = 66394FE308131A903126EC4E /* Pods-SegundoHitoTests.release.xcconfig */;
			buildSettings = {
				ALWAYS_EMBED_SWIFT_STANDARD_LIBRARIES = YES;
				BUNDLE_LOADER = "$(TEST_HOST)";
				CODE_SIGN_STYLE = Automatic;
				INFOPLIST_FILE = SegundoHitoTests/Info.plist;
				LD_RUNPATH_SEARCH_PATHS = "$(inherited) @executable_path/Frameworks @loader_path/Frameworks";
				PRODUCT_BUNDLE_IDENTIFIER = "Azik-inc..SegundoHitoTests";
				PRODUCT_NAME = "$(TARGET_NAME)";
				SWIFT_VERSION = 4.0;
				TARGETED_DEVICE_FAMILY = "1,2";
				TEST_HOST = "$(BUILT_PRODUCTS_DIR)/SegundoHito.app/SegundoHito";
			};
			name = Release;
		};
		731B5D4B207CC3300031D233 /* Debug */ = {
			isa = XCBuildConfiguration;
			baseConfigurationReference = 2F5DE1D6047EA833027A1A4C /* Pods-SegundoHitoUITests.debug.xcconfig */;
			buildSettings = {
				ALWAYS_EMBED_SWIFT_STANDARD_LIBRARIES = YES;
				CODE_SIGN_STYLE = Automatic;
				INFOPLIST_FILE = SegundoHitoUITests/Info.plist;
				LD_RUNPATH_SEARCH_PATHS = "$(inherited) @executable_path/Frameworks @loader_path/Frameworks";
				PRODUCT_BUNDLE_IDENTIFIER = "Azik-inc..SegundoHitoUITests";
				PRODUCT_NAME = "$(TARGET_NAME)";
				SWIFT_VERSION = 4.0;
				TARGETED_DEVICE_FAMILY = "1,2";
				TEST_TARGET_NAME = SegundoHito;
			};
			name = Debug;
		};
		731B5D4C207CC3300031D233 /* Release */ = {
			isa = XCBuildConfiguration;
			baseConfigurationReference = 489B779BDED0B5FEE53B8769 /* Pods-SegundoHitoUITests.release.xcconfig */;
			buildSettings = {
				ALWAYS_EMBED_SWIFT_STANDARD_LIBRARIES = YES;
				CODE_SIGN_STYLE = Automatic;
				INFOPLIST_FILE = SegundoHitoUITests/Info.plist;
				LD_RUNPATH_SEARCH_PATHS = "$(inherited) @executable_path/Frameworks @loader_path/Frameworks";
				PRODUCT_BUNDLE_IDENTIFIER = "Azik-inc..SegundoHitoUITests";
				PRODUCT_NAME = "$(TARGET_NAME)";
				SWIFT_VERSION = 4.0;
				TARGETED_DEVICE_FAMILY = "1,2";
				TEST_TARGET_NAME = SegundoHito;
			};
			name = Release;
		};
/* End XCBuildConfiguration section */

/* Begin XCConfigurationList section */
		731B5D17207CC3300031D233 /* Build configuration list for PBXProject "SegundoHito" */ = {
			isa = XCConfigurationList;
			buildConfigurations = (
				731B5D42207CC3300031D233 /* Debug */,
				731B5D43207CC3300031D233 /* Release */,
			);
			defaultConfigurationIsVisible = 0;
			defaultConfigurationName = Release;
		};
		731B5D44207CC3300031D233 /* Build configuration list for PBXNativeTarget "SegundoHito" */ = {
			isa = XCConfigurationList;
			buildConfigurations = (
				731B5D45207CC3300031D233 /* Debug */,
				731B5D46207CC3300031D233 /* Release */,
			);
			defaultConfigurationIsVisible = 0;
			defaultConfigurationName = Release;
		};
		731B5D47207CC3300031D233 /* Build configuration list for PBXNativeTarget "SegundoHitoTests" */ = {
			isa = XCConfigurationList;
			buildConfigurations = (
				731B5D48207CC3300031D233 /* Debug */,
				731B5D49207CC3300031D233 /* Release */,
			);
			defaultConfigurationIsVisible = 0;
			defaultConfigurationName = Release;
		};
		731B5D4A207CC3300031D233 /* Build configuration list for PBXNativeTarget "SegundoHitoUITests" */ = {
			isa = XCConfigurationList;
			buildConfigurations = (
				731B5D4B207CC3300031D233 /* Debug */,
				731B5D4C207CC3300031D233 /* Release */,
			);
			defaultConfigurationIsVisible = 0;
			defaultConfigurationName = Release;
		};
/* End XCConfigurationList section */
	};
	rootObject = 731B5D14207CC3300031D233 /* Project object */;
}
